// !$*UTF8*$!
{
	archiveVersion = 1;
	classes = {
	};
	objectVersion = 50;
	objects = {

/* Begin PBXBuildFile section */
		4F2ADC0F23B454D000924C64 /* AppDelegate.m in Sources */ = {isa = PBXBuildFile; fileRef = 4F2ADC0E23B454D000924C64 /* AppDelegate.m */; };
		4F2ADC1223B454D000924C64 /* SceneDelegate.m in Sources */ = {isa = PBXBuildFile; fileRef = 4F2ADC1123B454D000924C64 /* SceneDelegate.m */; };
		4F2ADC1523B454D000924C64 /* ViewController.m in Sources */ = {isa = PBXBuildFile; fileRef = 4F2ADC1423B454D000924C64 /* ViewController.m */; };
		4F2ADC1823B454D000924C64 /* Main.storyboard in Resources */ = {isa = PBXBuildFile; fileRef = 4F2ADC1623B454D000924C64 /* Main.storyboard */; };
		4F2ADC1A23B454D200924C64 /* Assets.xcassets in Resources */ = {isa = PBXBuildFile; fileRef = 4F2ADC1923B454D200924C64 /* Assets.xcassets */; };
		4F2ADC1D23B454D200924C64 /* LaunchScreen.storyboard in Resources */ = {isa = PBXBuildFile; fileRef = 4F2ADC1B23B454D200924C64 /* LaunchScreen.storyboard */; };
		4F2ADC2023B454D200924C64 /* main.m in Sources */ = {isa = PBXBuildFile; fileRef = 4F2ADC1F23B454D200924C64 /* main.m */; };
		4F2ADC3123B4552700924C64 /* YPushAnimator.m in Sources */ = {isa = PBXBuildFile; fileRef = 4F2ADC2923B4552700924C64 /* YPushAnimator.m */; };
		4F2ADC3223B4552700924C64 /* YBaseAnimator.m in Sources */ = {isa = PBXBuildFile; fileRef = 4F2ADC2A23B4552700924C64 /* YBaseAnimator.m */; };
		4F2ADC3323B4552700924C64 /* UIViewController+YInteractiveTransition.m in Sources */ = {isa = PBXBuildFile; fileRef = 4F2ADC2E23B4552700924C64 /* UIViewController+YInteractiveTransition.m */; };
		4F2ADC3423B4552700924C64 /* YTransitionController.m in Sources */ = {isa = PBXBuildFile; fileRef = 4F2ADC3023B4552700924C64 /* YTransitionController.m */; };
/* End PBXBuildFile section */

/* Begin PBXFileReference section */
		4F2ADC0A23B454D000924C64 /* YTransitionController.app */ = {isa = PBXFileReference; explicitFileType = wrapper.application; includeInIndex = 0; path = YTransitionController.app; sourceTree = BUILT_PRODUCTS_DIR; };
		4F2ADC0D23B454D000924C64 /* AppDelegate.h */ = {isa = PBXFileReference; lastKnownFileType = sourcecode.c.h; path = AppDelegate.h; sourceTree = "<group>"; };
		4F2ADC0E23B454D000924C64 /* AppDelegate.m */ = {isa = PBXFileReference; lastKnownFileType = sourcecode.c.objc; path = AppDelegate.m; sourceTree = "<group>"; };
		4F2ADC1023B454D000924C64 /* SceneDelegate.h */ = {isa = PBXFileReference; lastKnownFileType = sourcecode.c.h; path = SceneDelegate.h; sourceTree = "<group>"; };
		4F2ADC1123B454D000924C64 /* SceneDelegate.m */ = {isa = PBXFileReference; lastKnownFileType = sourcecode.c.objc; path = SceneDelegate.m; sourceTree = "<group>"; };
		4F2ADC1323B454D000924C64 /* ViewController.h */ = {isa = PBXFileReference; lastKnownFileType = sourcecode.c.h; path = ViewController.h; sourceTree = "<group>"; };
		4F2ADC1423B454D000924C64 /* ViewController.m */ = {isa = PBXFileReference; lastKnownFileType = sourcecode.c.objc; path = ViewController.m; sourceTree = "<group>"; };
		4F2ADC1723B454D000924C64 /* Base */ = {isa = PBXFileReference; lastKnownFileType = file.storyboard; name = Base; path = Base.lproj/Main.storyboard; sourceTree = "<group>"; };
		4F2ADC1923B454D200924C64 /* Assets.xcassets */ = {isa = PBXFileReference; lastKnownFileType = folder.assetcatalog; path = Assets.xcassets; sourceTree = "<group>"; };
		4F2ADC1C23B454D200924C64 /* Base */ = {isa = PBXFileReference; lastKnownFileType = file.storyboard; name = Base; path = Base.lproj/LaunchScreen.storyboard; sourceTree = "<group>"; };
		4F2ADC1E23B454D200924C64 /* Info.plist */ = {isa = PBXFileReference; lastKnownFileType = text.plist.xml; path = Info.plist; sourceTree = "<group>"; };
		4F2ADC1F23B454D200924C64 /* main.m */ = {isa = PBXFileReference; lastKnownFileType = sourcecode.c.objc; path = main.m; sourceTree = "<group>"; };
		4F2ADC2823B4552700924C64 /* YBaseAnimator.h */ = {isa = PBXFileReference; fileEncoding = 4; lastKnownFileType = sourcecode.c.h; path = YBaseAnimator.h; sourceTree = "<group>"; };
		4F2ADC2923B4552700924C64 /* YPushAnimator.m */ = {isa = PBXFileReference; fileEncoding = 4; lastKnownFileType = sourcecode.c.objc; path = YPushAnimator.m; sourceTree = "<group>"; };
		4F2ADC2A23B4552700924C64 /* YBaseAnimator.m */ = {isa = PBXFileReference; fileEncoding = 4; lastKnownFileType = sourcecode.c.objc; path = YBaseAnimator.m; sourceTree = "<group>"; };
		4F2ADC2B23B4552700924C64 /* YPushAnimator.h */ = {isa = PBXFileReference; fileEncoding = 4; lastKnownFileType = sourcecode.c.h; path = YPushAnimator.h; sourceTree = "<group>"; };
		4F2ADC2C23B4552700924C64 /* YTransitionController.h */ = {isa = PBXFileReference; fileEncoding = 4; lastKnownFileType = sourcecode.c.h; path = YTransitionController.h; sourceTree = "<group>"; };
		4F2ADC2E23B4552700924C64 /* UIViewController+YInteractiveTransition.m */ = {isa = PBXFileReference; fileEncoding = 4; lastKnownFileType = sourcecode.c.objc; path = "UIViewController+YInteractiveTransition.m"; sourceTree = "<group>"; };
		4F2ADC2F23B4552700924C64 /* UIViewController+YInteractiveTransition.h */ = {isa = PBXFileReference; fileEncoding = 4; lastKnownFileType = sourcecode.c.h; path = "UIViewController+YInteractiveTransition.h"; sourceTree = "<group>"; };
		4F2ADC3023B4552700924C64 /* YTransitionController.m */ = {isa = PBXFileReference; fileEncoding = 4; lastKnownFileType = sourcecode.c.objc; path = YTransitionController.m; sourceTree = "<group>"; };
/* End PBXFileReference section */

/* Begin PBXFrameworksBuildPhase section */
		4F2ADC0723B454D000924C64 /* Frameworks */ = {
			isa = PBXFrameworksBuildPhase;
			buildActionMask = 2147483647;
			files = (
			);
			runOnlyForDeploymentPostprocessing = 0;
		};
/* End PBXFrameworksBuildPhase section */

/* Begin PBXGroup section */
		4F2ADC0123B454D000924C64 = {
			isa = PBXGroup;
			children = (
				4F2ADC0C23B454D000924C64 /* YTransitionController */,
				4F2ADC0B23B454D000924C64 /* Products */,
			);
			sourceTree = "<group>";
		};
		4F2ADC0B23B454D000924C64 /* Products */ = {
			isa = PBXGroup;
			children = (
				4F2ADC0A23B454D000924C64 /* YTransitionController.app */,
			);
			name = Products;
			sourceTree = "<group>";
		};
		4F2ADC0C23B454D000924C64 /* YTransitionController */ = {
			isa = PBXGroup;
			children = (
				4F2ADC2623B4552700924C64 /* TransitionAnimator */,
				4F2ADC0D23B454D000924C64 /* AppDelegate.h */,
				4F2ADC0E23B454D000924C64 /* AppDelegate.m */,
				4F2ADC1023B454D000924C64 /* SceneDelegate.h */,
				4F2ADC1123B454D000924C64 /* SceneDelegate.m */,
				4F2ADC1323B454D000924C64 /* ViewController.h */,
				4F2ADC1423B454D000924C64 /* ViewController.m */,
				4F2ADC1623B454D000924C64 /* Main.storyboard */,
				4F2ADC1923B454D200924C64 /* Assets.xcassets */,
				4F2ADC1B23B454D200924C64 /* LaunchScreen.storyboard */,
				4F2ADC1E23B454D200924C64 /* Info.plist */,
				4F2ADC1F23B454D200924C64 /* main.m */,
			);
			path = YTransitionController;
			sourceTree = "<group>";
		};
		4F2ADC2623B4552700924C64 /* TransitionAnimator */ = {
			isa = PBXGroup;
			children = (
				4F2ADC2723B4552700924C64 /* Animator */,
				4F2ADC2D23B4552700924C64 /* InteractiveTransition */,
				4F2ADC2C23B4552700924C64 /* YTransitionController.h */,
				4F2ADC3023B4552700924C64 /* YTransitionController.m */,
			);
			path = TransitionAnimator;
			sourceTree = SOURCE_ROOT;
		};
		4F2ADC2723B4552700924C64 /* Animator */ = {
			isa = PBXGroup;
			children = (
				4F2ADC2823B4552700924C64 /* YBaseAnimator.h */,
				4F2ADC2A23B4552700924C64 /* YBaseAnimator.m */,
				4F2ADC2B23B4552700924C64 /* YPushAnimator.h */,
				4F2ADC2923B4552700924C64 /* YPushAnimator.m */,
			);
			path = Animator;
			sourceTree = "<group>";
		};
		4F2ADC2D23B4552700924C64 /* InteractiveTransition */ = {
			isa = PBXGroup;
			children = (
				4F2ADC2F23B4552700924C64 /* UIViewController+YInteractiveTransition.h */,
				4F2ADC2E23B4552700924C64 /* UIViewController+YInteractiveTransition.m */,
			);
			path = InteractiveTransition;
			sourceTree = "<group>";
		};
/* End PBXGroup section */

/* Begin PBXNativeTarget section */
		4F2ADC0923B454D000924C64 /* YTransitionController */ = {
			isa = PBXNativeTarget;
			buildConfigurationList = 4F2ADC2323B454D200924C64 /* Build configuration list for PBXNativeTarget "YTransitionController" */;
			buildPhases = (
				4F2ADC0623B454D000924C64 /* Sources */,
				4F2ADC0723B454D000924C64 /* Frameworks */,
				4F2ADC0823B454D000924C64 /* Resources */,
			);
			buildRules = (
			);
			dependencies = (
			);
			name = YTransitionController;
			productName = YTransitionController;
			productReference = 4F2ADC0A23B454D000924C64 /* YTransitionController.app */;
			productType = "com.apple.product-type.application";
		};
/* End PBXNativeTarget section */

/* Begin PBXProject section */
		4F2ADC0223B454D000924C64 /* Project object */ = {
			isa = PBXProject;
			attributes = {
				LastUpgradeCheck = 1130;
				ORGANIZATIONNAME = Yuuki;
				TargetAttributes = {
					4F2ADC0923B454D000924C64 = {
						CreatedOnToolsVersion = 11.3;
					};
				};
			};
			buildConfigurationList = 4F2ADC0523B454D000924C64 /* Build configuration list for PBXProject "YTransitionController" */;
			compatibilityVersion = "Xcode 9.3";
			developmentRegion = en;
			hasScannedForEncodings = 0;
			knownRegions = (
				en,
				Base,
			);
			mainGroup = 4F2ADC0123B454D000924C64;
			productRefGroup = 4F2ADC0B23B454D000924C64 /* Products */;
			projectDirPath = "";
			projectRoot = "";
			targets = (
				4F2ADC0923B454D000924C64 /* YTransitionController */,
			);
		};
/* End PBXProject section */

/* Begin PBXResourcesBuildPhase section */
		4F2ADC0823B454D000924C64 /* Resources */ = {
			isa = PBXResourcesBuildPhase;
			buildActionMask = 2147483647;
			files = (
				4F2ADC1D23B454D200924C64 /* LaunchScreen.storyboard in Resources */,
				4F2ADC1A23B454D200924C64 /* Assets.xcassets in Resources */,
				4F2ADC1823B454D000924C64 /* Main.storyboard in Resources */,
			);
			runOnlyForDeploymentPostprocessing = 0;
		};
/* End PBXResourcesBuildPhase section */

/* Begin PBXSourcesBuildPhase section */
		4F2ADC0623B454D000924C64 /* Sources */ = {
			isa = PBXSourcesBuildPhase;
			buildActionMask = 2147483647;
			files = (
				4F2ADC3123B4552700924C64 /* YPushAnimator.m in Sources */,
				4F2ADC3323B4552700924C64 /* UIViewController+YInteractiveTransition.m in Sources */,
				4F2ADC3423B4552700924C64 /* YTransitionController.m in Sources */,
				4F2ADC3223B4552700924C64 /* YBaseAnimator.m in Sources */,
				4F2ADC1523B454D000924C64 /* ViewController.m in Sources */,
				4F2ADC0F23B454D000924C64 /* AppDelegate.m in Sources */,
				4F2ADC2023B454D200924C64 /* main.m in Sources */,
				4F2ADC1223B454D000924C64 /* SceneDelegate.m in Sources */,
			);
			runOnlyForDeploymentPostprocessing = 0;
		};
/* End PBXSourcesBuildPhase section */

/* Begin PBXVariantGroup section */
		4F2ADC1623B454D000924C64 /* Main.storyboard */ = {
			isa = PBXVariantGroup;
			children = (
				4F2ADC1723B454D000924C64 /* Base */,
			);
			name = Main.storyboard;
			sourceTree = "<group>";
		};
		4F2ADC1B23B454D200924C64 /* LaunchScreen.storyboard */ = {
			isa = PBXVariantGroup;
			children = (
				4F2ADC1C23B454D200924C64 /* Base */,
			);
			name = LaunchScreen.storyboard;
			sourceTree = "<group>";
		};
/* End PBXVariantGroup section */

/* Begin XCBuildConfiguration section */
		4F2ADC2123B454D200924C64 /* Debug */ = {
			isa = XCBuildConfiguration;
			buildSettings = {
				ALWAYS_SEARCH_USER_PATHS = NO;
				CLANG_ANALYZER_NONNULL = YES;
				CLANG_ANALYZER_NUMBER_OBJECT_CONVERSION = YES_AGGRESSIVE;
				CLANG_CXX_LANGUAGE_STANDARD = "gnu++14";
				CLANG_CXX_LIBRARY = "libc++";
				CLANG_ENABLE_MODULES = YES;
				CLANG_ENABLE_OBJC_ARC = YES;
				CLANG_ENABLE_OBJC_WEAK = YES;
				CLANG_WARN_BLOCK_CAPTURE_AUTORELEASING = YES;
				CLANG_WARN_BOOL_CONVERSION = YES;
				CLANG_WARN_COMMA = YES;
				CLANG_WARN_CONSTANT_CONVERSION = YES;
				CLANG_WARN_DEPRECATED_OBJC_IMPLEMENTATIONS = YES;
				CLANG_WARN_DIRECT_OBJC_ISA_USAGE = YES_ERROR;
				CLANG_WARN_DOCUMENTATION_COMMENTS = YES;
				CLANG_WARN_EMPTY_BODY = YES;
				CLANG_WARN_ENUM_CONVERSION = YES;
				CLANG_WARN_INFINITE_RECURSION = YES;
				CLANG_WARN_INT_CONVERSION = YES;
				CLANG_WARN_NON_LITERAL_NULL_CONVERSION = YES;
				CLANG_WARN_OBJC_IMPLICIT_RETAIN_SELF = YES;
				CLANG_WARN_OBJC_LITERAL_CONVERSION = YES;
				CLANG_WARN_OBJC_ROOT_CLASS = YES_ERROR;
				CLANG_WARN_RANGE_LOOP_ANALYSIS = YES;
				CLANG_WARN_STRICT_PROTOTYPES = YES;
				CLANG_WARN_SUSPICIOUS_MOVE = YES;
				CLANG_WARN_UNGUARDED_AVAILABILITY = YES_AGGRESSIVE;
				CLANG_WARN_UNREACHABLE_CODE = YES;
				CLANG_WARN__DUPLICATE_METHOD_MATCH = YES;
				COPY_PHASE_STRIP = NO;
				DEBUG_INFORMATION_FORMAT = dwarf;
				ENABLE_STRICT_OBJC_MSGSEND = YES;
				ENABLE_TESTABILITY = YES;
				GCC_C_LANGUAGE_STANDARD = gnu11;
				GCC_DYNAMIC_NO_PIC = NO;
				GCC_NO_COMMON_BLOCKS = YES;
				GCC_OPTIMIZATION_LEVEL = 0;
				GCC_PREPROCESSOR_DEFINITIONS = (
					"DEBUG=1",
					"$(inherited)",
				);
				GCC_WARN_64_TO_32_BIT_CONVERSION = YES;
				GCC_WARN_ABOUT_RETURN_TYPE = YES_ERROR;
				GCC_WARN_UNDECLARED_SELECTOR = YES;
				GCC_WARN_UNINITIALIZED_AUTOS = YES_AGGRESSIVE;
				GCC_WARN_UNUSED_FUNCTION = YES;
				GCC_WARN_UNUSED_VARIABLE = YES;
				IPHONEOS_DEPLOYMENT_TARGET = 13.2;
				MTL_ENABLE_DEBUG_INFO = INCLUDE_SOURCE;
				MTL_FAST_MATH = YES;
				ONLY_ACTIVE_ARCH = YES;
				SDKROOT = iphoneos;
			};
			name = Debug;
		};
		4F2ADC2223B454D200924C64 /* Release */ = {
			isa = XCBuildConfiguration;
			buildSettings = {
				ALWAYS_SEARCH_USER_PATHS = NO;
				CLANG_ANALYZER_NONNULL = YES;
				CLANG_ANALYZER_NUMBER_OBJECT_CONVERSION = YES_AGGRESSIVE;
				CLANG_CXX_LANGUAGE_STANDARD = "gnu++14";
				CLANG_CXX_LIBRARY = "libc++";
				CLANG_ENABLE_MODULES = YES;
				CLANG_ENABLE_OBJC_ARC = YES;
				CLANG_ENABLE_OBJC_WEAK = YES;
				CLANG_WARN_BLOCK_CAPTURE_AUTORELEASING = YES;
				CLANG_WARN_BOOL_CONVERSION = YES;
				CLANG_WARN_COMMA = YES;
				CLANG_WARN_CONSTANT_CONVERSION = YES;
				CLANG_WARN_DEPRECATED_OBJC_IMPLEMENTATIONS = YES;
				CLANG_WARN_DIRECT_OBJC_ISA_USAGE = YES_ERROR;
				CLANG_WARN_DOCUMENTATION_COMMENTS = YES;
				CLANG_WARN_EMPTY_BODY = YES;
				CLANG_WARN_ENUM_CONVERSION = YES;
				CLANG_WARN_INFINITE_RECURSION = YES;
				CLANG_WARN_INT_CONVERSION = YES;
				CLANG_WARN_NON_LITERAL_NULL_CONVERSION = YES;
				CLANG_WARN_OBJC_IMPLICIT_RETAIN_SELF = YES;
				CLANG_WARN_OBJC_LITERAL_CONVERSION = YES;
				CLANG_WARN_OBJC_ROOT_CLASS = YES_ERROR;
				CLANG_WARN_RANGE_LOOP_ANALYSIS = YES;
				CLANG_WARN_STRICT_PROTOTYPES = YES;
				CLANG_WARN_SUSPICIOUS_MOVE = YES;
				CLANG_WARN_UNGUARDED_AVAILABILITY = YES_AGGRESSIVE;
				CLANG_WARN_UNREACHABLE_CODE = YES;
				CLANG_WARN__DUPLICATE_METHOD_MATCH = YES;
				COPY_PHASE_STRIP = NO;
				DEBUG_INFORMATION_FORMAT = "dwarf-with-dsym";
				ENABLE_NS_ASSERTIONS = NO;
				ENABLE_STRICT_OBJC_MSGSEND = YES;
				GCC_C_LANGUAGE_STANDARD = gnu11;
				GCC_NO_COMMON_BLOCKS = YES;
				GCC_WARN_64_TO_32_BIT_CONVERSION = YES;
				GCC_WARN_ABOUT_RETURN_TYPE = YES_ERROR;
				GCC_WARN_UNDECLARED_SELECTOR = YES;
				GCC_WARN_UNINITIALIZED_AUTOS = YES_AGGRESSIVE;
				GCC_WARN_UNUSED_FUNCTION = YES;
				GCC_WARN_UNUSED_VARIABLE = YES;
				IPHONEOS_DEPLOYMENT_TARGET = 13.2;
				MTL_ENABLE_DEBUG_INFO = NO;
				MTL_FAST_MATH = YES;
				SDKROOT = iphoneos;
				VALIDATE_PRODUCT = YES;
			};
			name = Release;
		};
		4F2ADC2423B454D200924C64 /* Debug */ = {
			isa = XCBuildConfiguration;
			buildSettings = {
				ASSETCATALOG_COMPILER_APPICON_NAME = AppIcon;
				CODE_SIGN_STYLE = Automatic;
				INFOPLIST_FILE = YTransitionController/Info.plist;
				IPHONEOS_DEPLOYMENT_TARGET = 8.0;
				LD_RUNPATH_SEARCH_PATHS = (
					"$(inherited)",
					"@executable_path/Frameworks",
				);
				PRODUCT_BUNDLE_IDENTIFIER = com.hanweb.YTransitionController;
				PRODUCT_NAME = "$(TARGET_NAME)";
				TARGETED_DEVICE_FAMILY = 1;
			};
			name = Debug;
		};
		4F2ADC2523B454D200924C64 /* Release */ = {
			isa = XCBuildConfiguration;
			buildSettings = {
				ASSETCATALOG_COMPILER_APPICON_NAME = AppIcon;
				CODE_SIGN_STYLE = Automatic;
				INFOPLIST_FILE = YTransitionController/Info.plist;
				IPHONEOS_DEPLOYMENT_TARGET = 8.0;
				LD_RUNPATH_SEARCH_PATHS = (
					"$(inherited)",
					"@executable_path/Frameworks",
				);
				PRODUCT_BUNDLE_IDENTIFIER = com.hanweb.YTransitionController;
				PRODUCT_NAME = "$(TARGET_NAME)";
				TARGETED_DEVICE_FAMILY = 1;
			};
			name = Release;
		};
/* End XCBuildConfiguration section */

/* Begin XCConfigurationList section */
		4F2ADC0523B454D000924C64 /* Build configuration list for PBXProject "YTransitionController" */ = {
			isa = XCConfigurationList;
			buildConfigurations = (
				4F2ADC2123B454D200924C64 /* Debug */,
				4F2ADC2223B454D200924C64 /* Release */,
			);
			defaultConfigurationIsVisible = 0;
			defaultConfigurationName = Release;
		};
		4F2ADC2323B454D200924C64 /* Build configuration list for PBXNativeTarget "YTransitionController" */ = {
			isa = XCConfigurationList;
			buildConfigurations = (
				4F2ADC2423B454D200924C64 /* Debug */,
				4F2ADC2523B454D200924C64 /* Release */,
			);
			defaultConfigurationIsVisible = 0;
			defaultConfigurationName = Release;
		};
/* End XCConfigurationList section */
	};
	rootObject = 4F2ADC0223B454D000924C64 /* Project object */;
}
